
Microsoft Visual Studio Solution File, Format Version 12.00
# Visual Studio 15
VisualStudioVersion = 15.0.28307.136
MinimumVisualStudioVersion = 10.0.40219.1
Project("{FAE04EC0-301F-11D3-BF4B-00C04F79EFBC}") = "FxControl", "FxControl\FxControl.csproj", "{0373D70B-2B8A-4C00-A480-713BA4C935A6}"
EndProject
Global
	GlobalSection(SolutionConfigurationPlatforms) = preSolution
		Debug|Any CPU = Debug|Any CPU
		Release|Any CPU = Release|Any CPU
	EndGlobalSection
	GlobalSection(ProjectConfigurationPlatforms) = postSolution
		{0373D70B-2B8A-4C00-A480-713BA4C935A6}.Debug|Any CPU.ActiveCfg = Debug|Any CPU
		{0373D70B-2B8A-4C00-A480-713BA4C935A6}.Debug|Any CPU.Build.0 = Debug|Any CPU
		{0373D70B-2B8A-4C00-A480-713BA4C935A6}.Release|Any CPU.ActiveCfg = Release|Any CPU
		{0373D70B-2B8A-4C00-A480-713BA4C935A6}.Release|Any CPU.Build.0 = Release|Any CPU
	EndGlobalSection
	GlobalSection(SolutionProperties) = preSolution
		HideSolutionNode = FALSE
	EndGlobalSection
	GlobalSection(ExtensibilityGlobals) = postSolution
		SolutionGuid = {A1D92DBF-9573-4F90-9D59-86AABEF20782}
	EndGlobalSection
EndGlobal
